
Microsoft Visual Studio Solution File, Format Version 12.00
# Visual Studio Version 17
VisualStudioVersion = 17.0.32112.339
MinimumVisualStudioVersion = 10.0.40219.1
Project("{FAE04EC0-301F-11D3-BF4B-00C04F79EFBC}") = "TheFountainOfObjects", "TheFountainOfObjects.csproj", "{BB83A2CE-8978-4CE6-BA26-1CB15222256E}"
EndProject
Global
	GlobalSection(SolutionConfigurationPlatforms) = preSolution
		Debug|Any CPU = Debug|Any CPU
		Release|Any CPU = Release|Any CPU
	EndGlobalSection
	GlobalSection(ProjectConfigurationPlatforms) = postSolution
		{BB83A2CE-8978-4CE6-BA26-1CB15222256E}.Debug|Any CPU.ActiveCfg = Debug|Any CPU
		{BB83A2CE-8978-4CE6-BA26-1CB15222256E}.Debug|Any CPU.Build.0 = Debug|Any CPU
		{BB83A2CE-8978-4CE6-BA26-1CB15222256E}.Release|Any CPU.ActiveCfg = Release|Any CPU
		{BB83A2CE-8978-4CE6-BA26-1CB15222256E}.Release|Any CPU.Build.0 = Release|Any CPU
	EndGlobalSection
	GlobalSection(SolutionProperties) = preSolution
		HideSolutionNode = FALSE
	EndGlobalSection
	GlobalSection(ExtensibilityGlobals) = postSolution
		SolutionGuid = {55C722A5-85A5-41EA-BF10-9F9BB713A653}
	EndGlobalSection
EndGlobal
