
Microsoft Visual Studio Solution File, Format Version 12.00
# Visual Studio Version 17
VisualStudioVersion = 17.0.32112.339
MinimumVisualStudioVersion = 10.0.40219.1
Project("{FAE04EC0-301F-11D3-BF4B-00C04F79EFBC}") = "TicTacToe", "TicTacToe.csproj", "{587583AD-284E-455E-8181-D4F5227B6DEE}"
EndProject
Global
	GlobalSection(SolutionConfigurationPlatforms) = preSolution
		Debug|Any CPU = Debug|Any CPU
		Release|Any CPU = Release|Any CPU
	EndGlobalSection
	GlobalSection(ProjectConfigurationPlatforms) = postSolution
		{587583AD-284E-455E-8181-D4F5227B6DEE}.Debug|Any CPU.ActiveCfg = Debug|Any CPU
		{587583AD-284E-455E-8181-D4F5227B6DEE}.Debug|Any CPU.Build.0 = Debug|Any CPU
		{587583AD-284E-455E-8181-D4F5227B6DEE}.Release|Any CPU.ActiveCfg = Release|Any CPU
		{587583AD-284E-455E-8181-D4F5227B6DEE}.Release|Any CPU.Build.0 = Release|Any CPU
	EndGlobalSection
	GlobalSection(SolutionProperties) = preSolution
		HideSolutionNode = FALSE
	EndGlobalSection
	GlobalSection(ExtensibilityGlobals) = postSolution
		SolutionGuid = {1B4E647E-0E5D-454D-9E1D-5A635F58D563}
	EndGlobalSection
EndGlobal
