
Microsoft Visual Studio Solution File, Format Version 12.00
# Visual Studio Version 17
VisualStudioVersion = 17.0.31919.166
MinimumVisualStudioVersion = 10.0.40219.1
Project("{FAE04EC0-301F-11D3-BF4B-00C04F79EFBC}") = "ThePrototype", "ThePrototype.csproj", "{7EBF74AE-BD13-4D1F-AFD1-D2C62C500398}"
EndProject
Global
	GlobalSection(SolutionConfigurationPlatforms) = preSolution
		Debug|Any CPU = Debug|Any CPU
		Release|Any CPU = Release|Any CPU
	EndGlobalSection
	GlobalSection(ProjectConfigurationPlatforms) = postSolution
		{7EBF74AE-BD13-4D1F-AFD1-D2C62C500398}.Debug|Any CPU.ActiveCfg = Debug|Any CPU
		{7EBF74AE-BD13-4D1F-AFD1-D2C62C500398}.Debug|Any CPU.Build.0 = Debug|Any CPU
		{7EBF74AE-BD13-4D1F-AFD1-D2C62C500398}.Release|Any CPU.ActiveCfg = Release|Any CPU
		{7EBF74AE-BD13-4D1F-AFD1-D2C62C500398}.Release|Any CPU.Build.0 = Release|Any CPU
	EndGlobalSection
	GlobalSection(SolutionProperties) = preSolution
		HideSolutionNode = FALSE
	EndGlobalSection
	GlobalSection(ExtensibilityGlobals) = postSolution
		SolutionGuid = {B7BB01D6-3813-4AFF-88E5-634F87D4FF90}
	EndGlobalSection
EndGlobal
