
Microsoft Visual Studio Solution File, Format Version 12.00
# Visual Studio Version 17
VisualStudioVersion = 17.0.31919.166
MinimumVisualStudioVersion = 10.0.40219.1
Project("{FAE04EC0-301F-11D3-BF4B-00C04F79EFBC}") = "HelloWorld", "HelloWorld.csproj", "{44032CAE-3350-40A7-AD1B-15A1E00F92C6}"
EndProject
Global
	GlobalSection(SolutionConfigurationPlatforms) = preSolution
		Debug|Any CPU = Debug|Any CPU
		Release|Any CPU = Release|Any CPU
	EndGlobalSection
	GlobalSection(ProjectConfigurationPlatforms) = postSolution
		{44032CAE-3350-40A7-AD1B-15A1E00F92C6}.Debug|Any CPU.ActiveCfg = Debug|Any CPU
		{44032CAE-3350-40A7-AD1B-15A1E00F92C6}.Debug|Any CPU.Build.0 = Debug|Any CPU
		{44032CAE-3350-40A7-AD1B-15A1E00F92C6}.Release|Any CPU.ActiveCfg = Release|Any CPU
		{44032CAE-3350-40A7-AD1B-15A1E00F92C6}.Release|Any CPU.Build.0 = Release|Any CPU
	EndGlobalSection
	GlobalSection(SolutionProperties) = preSolution
		HideSolutionNode = FALSE
	EndGlobalSection
	GlobalSection(ExtensibilityGlobals) = postSolution
		SolutionGuid = {16388312-CE10-4E68-9FD6-4BA35E5A5DB9}
	EndGlobalSection
EndGlobal
