
Microsoft Visual Studio Solution File, Format Version 12.00
# Visual Studio Version 17
VisualStudioVersion = 17.0.32112.339
MinimumVisualStudioVersion = 10.0.40219.1
Project("{FAE04EC0-301F-11D3-BF4B-00C04F79EFBC}") = "BetterRandom", "BetterRandom.csproj", "{3D3E97A4-7727-4C26-8457-FB652ABADB43}"
EndProject
Global
	GlobalSection(SolutionConfigurationPlatforms) = preSolution
		Debug|Any CPU = Debug|Any CPU
		Release|Any CPU = Release|Any CPU
	EndGlobalSection
	GlobalSection(ProjectConfigurationPlatforms) = postSolution
		{3D3E97A4-7727-4C26-8457-FB652ABADB43}.Debug|Any CPU.ActiveCfg = Debug|Any CPU
		{3D3E97A4-7727-4C26-8457-FB652ABADB43}.Debug|Any CPU.Build.0 = Debug|Any CPU
		{3D3E97A4-7727-4C26-8457-FB652ABADB43}.Release|Any CPU.ActiveCfg = Release|Any CPU
		{3D3E97A4-7727-4C26-8457-FB652ABADB43}.Release|Any CPU.Build.0 = Release|Any CPU
	EndGlobalSection
	GlobalSection(SolutionProperties) = preSolution
		HideSolutionNode = FALSE
	EndGlobalSection
	GlobalSection(ExtensibilityGlobals) = postSolution
		SolutionGuid = {83D458D7-0A02-429D-8DAC-DF325437ABEC}
	EndGlobalSection
EndGlobal
