
Microsoft Visual Studio Solution File, Format Version 12.00
# Visual Studio Version 17
VisualStudioVersion = 17.0.32112.339
MinimumVisualStudioVersion = 10.0.40219.1
Project("{FAE04EC0-301F-11D3-BF4B-00C04F79EFBC}") = "TheRobotFactory", "TheRobotFactory.csproj", "{844F297E-C089-45C5-8F7F-A5D64DC06997}"
EndProject
Global
	GlobalSection(SolutionConfigurationPlatforms) = preSolution
		Debug|Any CPU = Debug|Any CPU
		Release|Any CPU = Release|Any CPU
	EndGlobalSection
	GlobalSection(ProjectConfigurationPlatforms) = postSolution
		{844F297E-C089-45C5-8F7F-A5D64DC06997}.Debug|Any CPU.ActiveCfg = Debug|Any CPU
		{844F297E-C089-45C5-8F7F-A5D64DC06997}.Debug|Any CPU.Build.0 = Debug|Any CPU
		{844F297E-C089-45C5-8F7F-A5D64DC06997}.Release|Any CPU.ActiveCfg = Release|Any CPU
		{844F297E-C089-45C5-8F7F-A5D64DC06997}.Release|Any CPU.Build.0 = Release|Any CPU
	EndGlobalSection
	GlobalSection(SolutionProperties) = preSolution
		HideSolutionNode = FALSE
	EndGlobalSection
	GlobalSection(ExtensibilityGlobals) = postSolution
		SolutionGuid = {7EA483AE-CFCA-4B7B-8102-26CB1BB41398}
	EndGlobalSection
EndGlobal
