
Microsoft Visual Studio Solution File, Format Version 12.00
# Visual Studio Version 17
VisualStudioVersion = 17.0.31919.166
MinimumVisualStudioVersion = 10.0.40219.1
Project("{FAE04EC0-301F-11D3-BF4B-00C04F79EFBC}") = "ConsoleReadWrite", "ConsoleReadWrite.csproj", "{72CC7B26-0FA0-4234-9764-EF3C77831701}"
EndProject
Global
	GlobalSection(SolutionConfigurationPlatforms) = preSolution
		Debug|Any CPU = Debug|Any CPU
		Release|Any CPU = Release|Any CPU
	EndGlobalSection
	GlobalSection(ProjectConfigurationPlatforms) = postSolution
		{72CC7B26-0FA0-4234-9764-EF3C77831701}.Debug|Any CPU.ActiveCfg = Debug|Any CPU
		{72CC7B26-0FA0-4234-9764-EF3C77831701}.Debug|Any CPU.Build.0 = Debug|Any CPU
		{72CC7B26-0FA0-4234-9764-EF3C77831701}.Release|Any CPU.ActiveCfg = Release|Any CPU
		{72CC7B26-0FA0-4234-9764-EF3C77831701}.Release|Any CPU.Build.0 = Release|Any CPU
	EndGlobalSection
	GlobalSection(SolutionProperties) = preSolution
		HideSolutionNode = FALSE
	EndGlobalSection
	GlobalSection(ExtensibilityGlobals) = postSolution
		SolutionGuid = {0965093E-517F-4FA6-A6A0-7672A9D1913C}
	EndGlobalSection
EndGlobal
