
Microsoft Visual Studio Solution File, Format Version 12.00
# Visual Studio Version 17
VisualStudioVersion = 17.0.32014.148
MinimumVisualStudioVersion = 10.0.40219.1
Project("{FAE04EC0-301F-11D3-BF4B-00C04F79EFBC}") = "VinFletchersArrows", "VinFletchersArrows.csproj", "{CA7934C9-9B46-45CA-96B5-962DFAEE79F9}"
EndProject
Global
	GlobalSection(SolutionConfigurationPlatforms) = preSolution
		Debug|Any CPU = Debug|Any CPU
		Release|Any CPU = Release|Any CPU
	EndGlobalSection
	GlobalSection(ProjectConfigurationPlatforms) = postSolution
		{CA7934C9-9B46-45CA-96B5-962DFAEE79F9}.Debug|Any CPU.ActiveCfg = Debug|Any CPU
		{CA7934C9-9B46-45CA-96B5-962DFAEE79F9}.Debug|Any CPU.Build.0 = Debug|Any CPU
		{CA7934C9-9B46-45CA-96B5-962DFAEE79F9}.Release|Any CPU.ActiveCfg = Release|Any CPU
		{CA7934C9-9B46-45CA-96B5-962DFAEE79F9}.Release|Any CPU.Build.0 = Release|Any CPU
	EndGlobalSection
	GlobalSection(SolutionProperties) = preSolution
		HideSolutionNode = FALSE
	EndGlobalSection
	GlobalSection(ExtensibilityGlobals) = postSolution
		SolutionGuid = {00764D68-B11A-4F2E-B534-BE596D4E2B6F}
	EndGlobalSection
EndGlobal
