
Microsoft Visual Studio Solution File, Format Version 12.00
# Visual Studio Version 17
VisualStudioVersion = 17.0.32112.339
MinimumVisualStudioVersion = 10.0.40219.1
Project("{FAE04EC0-301F-11D3-BF4B-00C04F79EFBC}") = "LabelingInventory", "LabelingInventory.csproj", "{C760CCCA-7404-41C7-AF92-A31B70A91677}"
EndProject
Global
	GlobalSection(SolutionConfigurationPlatforms) = preSolution
		Debug|Any CPU = Debug|Any CPU
		Release|Any CPU = Release|Any CPU
	EndGlobalSection
	GlobalSection(ProjectConfigurationPlatforms) = postSolution
		{C760CCCA-7404-41C7-AF92-A31B70A91677}.Debug|Any CPU.ActiveCfg = Debug|Any CPU
		{C760CCCA-7404-41C7-AF92-A31B70A91677}.Debug|Any CPU.Build.0 = Debug|Any CPU
		{C760CCCA-7404-41C7-AF92-A31B70A91677}.Release|Any CPU.ActiveCfg = Release|Any CPU
		{C760CCCA-7404-41C7-AF92-A31B70A91677}.Release|Any CPU.Build.0 = Release|Any CPU
	EndGlobalSection
	GlobalSection(SolutionProperties) = preSolution
		HideSolutionNode = FALSE
	EndGlobalSection
	GlobalSection(ExtensibilityGlobals) = postSolution
		SolutionGuid = {10418E08-A042-46D2-91C1-65D761BC5E37}
	EndGlobalSection
EndGlobal
