
Microsoft Visual Studio Solution File, Format Version 12.00
# Visual Studio Version 17
VisualStudioVersion = 17.0.32014.148
MinimumVisualStudioVersion = 10.0.40219.1
Project("{FAE04EC0-301F-11D3-BF4B-00C04F79EFBC}") = "ArrowFactories", "ArrowFactories.csproj", "{89D471BC-4E2E-48BD-AEA2-DA9C86EE6C29}"
EndProject
Global
	GlobalSection(SolutionConfigurationPlatforms) = preSolution
		Debug|Any CPU = Debug|Any CPU
		Release|Any CPU = Release|Any CPU
	EndGlobalSection
	GlobalSection(ProjectConfigurationPlatforms) = postSolution
		{89D471BC-4E2E-48BD-AEA2-DA9C86EE6C29}.Debug|Any CPU.ActiveCfg = Debug|Any CPU
		{89D471BC-4E2E-48BD-AEA2-DA9C86EE6C29}.Debug|Any CPU.Build.0 = Debug|Any CPU
		{89D471BC-4E2E-48BD-AEA2-DA9C86EE6C29}.Release|Any CPU.ActiveCfg = Release|Any CPU
		{89D471BC-4E2E-48BD-AEA2-DA9C86EE6C29}.Release|Any CPU.Build.0 = Release|Any CPU
	EndGlobalSection
	GlobalSection(SolutionProperties) = preSolution
		HideSolutionNode = FALSE
	EndGlobalSection
	GlobalSection(ExtensibilityGlobals) = postSolution
		SolutionGuid = {0FC529B1-F611-4045-9C08-707F044A1B60}
	EndGlobalSection
EndGlobal
