
Microsoft Visual Studio Solution File, Format Version 12.00
# Visual Studio Version 17
VisualStudioVersion = 17.0.32112.339
MinimumVisualStudioVersion = 10.0.40219.1
Project("{FAE04EC0-301F-11D3-BF4B-00C04F79EFBC}") = "ManyRandomWords", "ManyRandomWords.csproj", "{338F8BB7-1462-4CD6-80EB-1EBA8919254D}"
EndProject
Global
	GlobalSection(SolutionConfigurationPlatforms) = preSolution
		Debug|Any CPU = Debug|Any CPU
		Release|Any CPU = Release|Any CPU
	EndGlobalSection
	GlobalSection(ProjectConfigurationPlatforms) = postSolution
		{338F8BB7-1462-4CD6-80EB-1EBA8919254D}.Debug|Any CPU.ActiveCfg = Debug|Any CPU
		{338F8BB7-1462-4CD6-80EB-1EBA8919254D}.Debug|Any CPU.Build.0 = Debug|Any CPU
		{338F8BB7-1462-4CD6-80EB-1EBA8919254D}.Release|Any CPU.ActiveCfg = Release|Any CPU
		{338F8BB7-1462-4CD6-80EB-1EBA8919254D}.Release|Any CPU.Build.0 = Release|Any CPU
	EndGlobalSection
	GlobalSection(SolutionProperties) = preSolution
		HideSolutionNode = FALSE
	EndGlobalSection
	GlobalSection(ExtensibilityGlobals) = postSolution
		SolutionGuid = {7A9FA35F-2BA7-4BE2-831D-E0C8B0915EAB}
	EndGlobalSection
EndGlobal
