
Microsoft Visual Studio Solution File, Format Version 12.00
# Visual Studio Version 17
VisualStudioVersion = 17.0.32014.148
MinimumVisualStudioVersion = 10.0.40219.1
Project("{FAE04EC0-301F-11D3-BF4B-00C04F79EFBC}") = "VinsTrouble", "VinsTrouble.csproj", "{CCA0AD61-34B8-4FC3-8FD9-175B56AB199A}"
EndProject
Global
	GlobalSection(SolutionConfigurationPlatforms) = preSolution
		Debug|Any CPU = Debug|Any CPU
		Release|Any CPU = Release|Any CPU
	EndGlobalSection
	GlobalSection(ProjectConfigurationPlatforms) = postSolution
		{CCA0AD61-34B8-4FC3-8FD9-175B56AB199A}.Debug|Any CPU.ActiveCfg = Debug|Any CPU
		{CCA0AD61-34B8-4FC3-8FD9-175B56AB199A}.Debug|Any CPU.Build.0 = Debug|Any CPU
		{CCA0AD61-34B8-4FC3-8FD9-175B56AB199A}.Release|Any CPU.ActiveCfg = Release|Any CPU
		{CCA0AD61-34B8-4FC3-8FD9-175B56AB199A}.Release|Any CPU.Build.0 = Release|Any CPU
	EndGlobalSection
	GlobalSection(SolutionProperties) = preSolution
		HideSolutionNode = FALSE
	EndGlobalSection
	GlobalSection(ExtensibilityGlobals) = postSolution
		SolutionGuid = {C2D41D0C-FBBA-4006-BB45-FC0A3C59E92A}
	EndGlobalSection
EndGlobal
