
Microsoft Visual Studio Solution File, Format Version 12.00
# Visual Studio Version 17
VisualStudioVersion = 17.0.31919.166
MinimumVisualStudioVersion = 10.0.40219.1
Project("{FAE04EC0-301F-11D3-BF4B-00C04F79EFBC}") = "TakingANumber", "TakingANumber.csproj", "{CF7A99CC-4456-40A3-B083-C0E80FDA7399}"
EndProject
Global
	GlobalSection(SolutionConfigurationPlatforms) = preSolution
		Debug|Any CPU = Debug|Any CPU
		Release|Any CPU = Release|Any CPU
	EndGlobalSection
	GlobalSection(ProjectConfigurationPlatforms) = postSolution
		{CF7A99CC-4456-40A3-B083-C0E80FDA7399}.Debug|Any CPU.ActiveCfg = Debug|Any CPU
		{CF7A99CC-4456-40A3-B083-C0E80FDA7399}.Debug|Any CPU.Build.0 = Debug|Any CPU
		{CF7A99CC-4456-40A3-B083-C0E80FDA7399}.Release|Any CPU.ActiveCfg = Release|Any CPU
		{CF7A99CC-4456-40A3-B083-C0E80FDA7399}.Release|Any CPU.Build.0 = Release|Any CPU
	EndGlobalSection
	GlobalSection(SolutionProperties) = preSolution
		HideSolutionNode = FALSE
	EndGlobalSection
	GlobalSection(ExtensibilityGlobals) = postSolution
		SolutionGuid = {969297E3-CF9B-41EC-9727-A04261F16C0B}
	EndGlobalSection
EndGlobal
