
Microsoft Visual Studio Solution File, Format Version 12.00
# Visual Studio Version 17
VisualStudioVersion = 17.0.32112.339
MinimumVisualStudioVersion = 10.0.40219.1
Project("{FAE04EC0-301F-11D3-BF4B-00C04F79EFBC}") = "TheLambdaSieve", "TheLambdaSieve.csproj", "{9CA00A05-BA50-461B-A567-0D762842CB45}"
EndProject
Global
	GlobalSection(SolutionConfigurationPlatforms) = preSolution
		Debug|Any CPU = Debug|Any CPU
		Release|Any CPU = Release|Any CPU
	EndGlobalSection
	GlobalSection(ProjectConfigurationPlatforms) = postSolution
		{9CA00A05-BA50-461B-A567-0D762842CB45}.Debug|Any CPU.ActiveCfg = Debug|Any CPU
		{9CA00A05-BA50-461B-A567-0D762842CB45}.Debug|Any CPU.Build.0 = Debug|Any CPU
		{9CA00A05-BA50-461B-A567-0D762842CB45}.Release|Any CPU.ActiveCfg = Release|Any CPU
		{9CA00A05-BA50-461B-A567-0D762842CB45}.Release|Any CPU.Build.0 = Release|Any CPU
	EndGlobalSection
	GlobalSection(SolutionProperties) = preSolution
		HideSolutionNode = FALSE
	EndGlobalSection
	GlobalSection(ExtensibilityGlobals) = postSolution
		SolutionGuid = {5118E2EA-7F4F-44DA-A191-572A5EFA3B9D}
	EndGlobalSection
EndGlobal
