
Microsoft Visual Studio Solution File, Format Version 12.00
# Visual Studio Version 17
VisualStudioVersion = 17.0.31919.166
MinimumVisualStudioVersion = 10.0.40219.1
Project("{FAE04EC0-301F-11D3-BF4B-00C04F79EFBC}") = "OddEven", "OddEven.csproj", "{748F5181-434E-42F6-885D-699BD31BEE34}"
EndProject
Global
	GlobalSection(SolutionConfigurationPlatforms) = preSolution
		Debug|Any CPU = Debug|Any CPU
		Release|Any CPU = Release|Any CPU
	EndGlobalSection
	GlobalSection(ProjectConfigurationPlatforms) = postSolution
		{748F5181-434E-42F6-885D-699BD31BEE34}.Debug|Any CPU.ActiveCfg = Debug|Any CPU
		{748F5181-434E-42F6-885D-699BD31BEE34}.Debug|Any CPU.Build.0 = Debug|Any CPU
		{748F5181-434E-42F6-885D-699BD31BEE34}.Release|Any CPU.ActiveCfg = Release|Any CPU
		{748F5181-434E-42F6-885D-699BD31BEE34}.Release|Any CPU.Build.0 = Release|Any CPU
	EndGlobalSection
	GlobalSection(SolutionProperties) = preSolution
		HideSolutionNode = FALSE
	EndGlobalSection
	GlobalSection(ExtensibilityGlobals) = postSolution
		SolutionGuid = {1B503BFC-4760-46FE-94BF-76E238036DB5}
	EndGlobalSection
EndGlobal
